
Microsoft Visual Studio Solution File, Format Version 12.00
# Visual Studio Version 16
VisualStudioVersion = 16.0.31729.503
MinimumVisualStudioVersion = 10.0.40219.1
Project("{FAE04EC0-301F-11D3-BF4B-00C04F79EFBC}") = "EmployeeManagement", "EmployeeManagement\EmployeeManagement.csproj", "{F2C6D4B3-E896-42C4-A3EB-A28B0EC702A9}"
EndProject
Global
	GlobalSection(SolutionConfigurationPlatforms) = preSolution
		Debug|Any CPU = Debug|Any CPU
		Release|Any CPU = Release|Any CPU
	EndGlobalSection
	GlobalSection(ProjectConfigurationPlatforms) = postSolution
		{F2C6D4B3-E896-42C4-A3EB-A28B0EC702A9}.Debug|Any CPU.ActiveCfg = Debug|Any CPU
		{F2C6D4B3-E896-42C4-A3EB-A28B0EC702A9}.Debug|Any CPU.Build.0 = Debug|Any CPU
		{F2C6D4B3-E896-42C4-A3EB-A28B0EC702A9}.Release|Any CPU.ActiveCfg = Release|Any CPU
		{F2C6D4B3-E896-42C4-A3EB-A28B0EC702A9}.Release|Any CPU.Build.0 = Release|Any CPU
	EndGlobalSection
	GlobalSection(SolutionProperties) = preSolution
		HideSolutionNode = FALSE
	EndGlobalSection
	GlobalSection(ExtensibilityGlobals) = postSolution
		SolutionGuid = {DC13D4AB-65A6-4386-B9E3-704201DF4828}
	EndGlobalSection
EndGlobal
